
Microsoft Visual Studio Solution File, Format Version 12.00
# Visual Studio Version 16
VisualStudioVersion = 16.0.31105.61
MinimumVisualStudioVersion = 10.0.40219.1
Project("{FAE04EC0-301F-11D3-BF4B-00C04F79EFBC}") = "TablUtil", "TablUtil\TablUtil.csproj", "{CD67E60E-C769-44D5-AC24-B0CBEDA459F3}"
EndProject
Global
	GlobalSection(SolutionConfigurationPlatforms) = preSolution
		Debug|Any CPU = Debug|Any CPU
		Release|Any CPU = Release|Any CPU
	EndGlobalSection
	GlobalSection(ProjectConfigurationPlatforms) = postSolution
		{CD67E60E-C769-44D5-AC24-B0CBEDA459F3}.Debug|Any CPU.ActiveCfg = Debug|Any CPU
		{CD67E60E-C769-44D5-AC24-B0CBEDA459F3}.Debug|Any CPU.Build.0 = Debug|Any CPU
		{CD67E60E-C769-44D5-AC24-B0CBEDA459F3}.Release|Any CPU.ActiveCfg = Release|Any CPU
		{CD67E60E-C769-44D5-AC24-B0CBEDA459F3}.Release|Any CPU.Build.0 = Release|Any CPU
	EndGlobalSection
	GlobalSection(SolutionProperties) = preSolution
		HideSolutionNode = FALSE
	EndGlobalSection
	GlobalSection(ExtensibilityGlobals) = postSolution
		SolutionGuid = {1A474106-2D96-45CE-952C-DF1776DD4725}
	EndGlobalSection
EndGlobal
